{
  "name": "consumer",
  "version": "1.0.0",
  "lockfileVersion": 1,
  "requires": true,
  "dependencies": {
    "google-protobuf": {
      "version": "3.11.4",
      "resolved": "https://registry.npmjs.org/google-protobuf/-/google-protobuf-3.11.4.tgz",
      "integrity": "sha512-lL6b04rDirurUBOgsY2+LalI6Evq8eH5TcNzi7TYQ3BsIWelT0KSOQSBsXuavEkNf+odQU6c0lgz3UsZXeNX9Q=="
    }
  }
}
